
Microsoft Visual Studio Solution File, Format Version 12.00
# Visual Studio Version 16
VisualStudioVersion = 16.0.32510.428
MinimumVisualStudioVersion = 10.0.40219.1
Project("{FAE04EC0-301F-11D3-BF4B-00C04F79EFBC}") = "EşleştirmeOyunu", "EşleştirmeOyunu.csproj", "{A10580B3-38CF-4FE2-BCF7-905B30F4815D}"
EndProject
Global
	GlobalSection(SolutionConfigurationPlatforms) = preSolution
		Debug|Any CPU = Debug|Any CPU
		Release|Any CPU = Release|Any CPU
	EndGlobalSection
	GlobalSection(ProjectConfigurationPlatforms) = postSolution
		{A10580B3-38CF-4FE2-BCF7-905B30F4815D}.Debug|Any CPU.ActiveCfg = Debug|Any CPU
		{A10580B3-38CF-4FE2-BCF7-905B30F4815D}.Debug|Any CPU.Build.0 = Debug|Any CPU
		{A10580B3-38CF-4FE2-BCF7-905B30F4815D}.Release|Any CPU.ActiveCfg = Release|Any CPU
		{A10580B3-38CF-4FE2-BCF7-905B30F4815D}.Release|Any CPU.Build.0 = Release|Any CPU
	EndGlobalSection
	GlobalSection(SolutionProperties) = preSolution
		HideSolutionNode = FALSE
	EndGlobalSection
	GlobalSection(ExtensibilityGlobals) = postSolution
		SolutionGuid = {78103FEE-D123-41D5-AAB4-32D807C08C12}
	EndGlobalSection
EndGlobal
